
Microsoft Visual Studio Solution File, Format Version 12.00
# Visual Studio Version 17
VisualStudioVersion = 17.7.34024.191
MinimumVisualStudioVersion = 10.0.40219.1
Project("{FAE04EC0-301F-11D3-BF4B-00C04F79EFBC}") = "MusicShop", "MusicShop\MusicShop.csproj", "{8EF25287-93DD-4924-9BB6-7DAC97FF146E}"
EndProject
Global
	GlobalSection(SolutionConfigurationPlatforms) = preSolution
		Debug|Any CPU = Debug|Any CPU
		Release|Any CPU = Release|Any CPU
	EndGlobalSection
	GlobalSection(ProjectConfigurationPlatforms) = postSolution
		{8EF25287-93DD-4924-9BB6-7DAC97FF146E}.Debug|Any CPU.ActiveCfg = Debug|Any CPU
		{8EF25287-93DD-4924-9BB6-7DAC97FF146E}.Debug|Any CPU.Build.0 = Debug|Any CPU
		{8EF25287-93DD-4924-9BB6-7DAC97FF146E}.Release|Any CPU.ActiveCfg = Release|Any CPU
		{8EF25287-93DD-4924-9BB6-7DAC97FF146E}.Release|Any CPU.Build.0 = Release|Any CPU
	EndGlobalSection
	GlobalSection(SolutionProperties) = preSolution
		HideSolutionNode = FALSE
	EndGlobalSection
	GlobalSection(ExtensibilityGlobals) = postSolution
		SolutionGuid = {01E9CC3B-5C44-4D06-9F5F-36501CD922DD}
	EndGlobalSection
EndGlobal
